
Microsoft Visual Studio Solution File, Format Version 12.00
# Visual Studio 15
VisualStudioVersion = 15.0.27703.2035
MinimumVisualStudioVersion = 10.0.40219.1
Project("{FAE04EC0-301F-11D3-BF4B-00C04F79EFBC}") = "Encryp", "Playfair Cipher\Encryp.csproj", "{435FD303-429C-446B-B56A-BEFC217B0542}"
EndProject
Project("{FAE04EC0-301F-11D3-BF4B-00C04F79EFBC}") = "Cryptanalysis", "Cryptanalysis\Cryptanalysis.csproj", "{EE5EF236-B074-47CF-A733-0F1D3986C47F}"
EndProject
Global
	GlobalSection(SolutionConfigurationPlatforms) = preSolution
		Debug|Any CPU = Debug|Any CPU
		Release|Any CPU = Release|Any CPU
	EndGlobalSection
	GlobalSection(ProjectConfigurationPlatforms) = postSolution
		{435FD303-429C-446B-B56A-BEFC217B0542}.Debug|Any CPU.ActiveCfg = Debug|Any CPU
		{435FD303-429C-446B-B56A-BEFC217B0542}.Debug|Any CPU.Build.0 = Debug|Any CPU
		{435FD303-429C-446B-B56A-BEFC217B0542}.Release|Any CPU.ActiveCfg = Release|Any CPU
		{435FD303-429C-446B-B56A-BEFC217B0542}.Release|Any CPU.Build.0 = Release|Any CPU
		{EE5EF236-B074-47CF-A733-0F1D3986C47F}.Debug|Any CPU.ActiveCfg = Debug|Any CPU
		{EE5EF236-B074-47CF-A733-0F1D3986C47F}.Debug|Any CPU.Build.0 = Debug|Any CPU
		{EE5EF236-B074-47CF-A733-0F1D3986C47F}.Release|Any CPU.ActiveCfg = Release|Any CPU
		{EE5EF236-B074-47CF-A733-0F1D3986C47F}.Release|Any CPU.Build.0 = Release|Any CPU
	EndGlobalSection
	GlobalSection(SolutionProperties) = preSolution
		HideSolutionNode = FALSE
	EndGlobalSection
	GlobalSection(ExtensibilityGlobals) = postSolution
		SolutionGuid = {8590991C-695B-4D81-ADD3-280AFBB886B4}
	EndGlobalSection
EndGlobal
